
Microsoft Visual Studio Solution File, Format Version 12.00
# Visual Studio Version 17
VisualStudioVersion = 17.10.34928.147
MinimumVisualStudioVersion = 10.0.40219.1
Project("{FAE04EC0-301F-11D3-BF4B-00C04F79EFBC}") = "appreview.Android", "appreview.Android\appreview.Android.csproj", "{ED307E38-8019-4527-92EF-6E3673413A06}"
EndProject
Project("{FAE04EC0-301F-11D3-BF4B-00C04F79EFBC}") = "appreview.iOS", "appreview.iOS\appreview.iOS.csproj", "{263D317D-D6CB-4230-97AD-CF09C14D2C76}"
EndProject
Project("{FAE04EC0-301F-11D3-BF4B-00C04F79EFBC}") = "appreview", "appreview\appreview.csproj", "{A6061061-AD6D-490E-98CB-F069245DDBF3}"
EndProject
Global
	GlobalSection(SolutionConfigurationPlatforms) = preSolution
		Debug|Any CPU = Debug|Any CPU
		Debug|iPhone = Debug|iPhone
		Debug|iPhoneSimulator = Debug|iPhoneSimulator
		Release|Any CPU = Release|Any CPU
		Release|iPhone = Release|iPhone
		Release|iPhoneSimulator = Release|iPhoneSimulator
	EndGlobalSection
	GlobalSection(ProjectConfigurationPlatforms) = postSolution
		{ED307E38-8019-4527-92EF-6E3673413A06}.Debug|Any CPU.ActiveCfg = Debug|Any CPU
		{ED307E38-8019-4527-92EF-6E3673413A06}.Debug|Any CPU.Build.0 = Debug|Any CPU
		{ED307E38-8019-4527-92EF-6E3673413A06}.Debug|Any CPU.Deploy.0 = Debug|Any CPU
		{ED307E38-8019-4527-92EF-6E3673413A06}.Debug|iPhone.ActiveCfg = Debug|Any CPU
		{ED307E38-8019-4527-92EF-6E3673413A06}.Debug|iPhone.Build.0 = Debug|Any CPU
		{ED307E38-8019-4527-92EF-6E3673413A06}.Debug|iPhone.Deploy.0 = Debug|Any CPU
		{ED307E38-8019-4527-92EF-6E3673413A06}.Debug|iPhoneSimulator.ActiveCfg = Debug|Any CPU
		{ED307E38-8019-4527-92EF-6E3673413A06}.Debug|iPhoneSimulator.Build.0 = Debug|Any CPU
		{ED307E38-8019-4527-92EF-6E3673413A06}.Debug|iPhoneSimulator.Deploy.0 = Debug|Any CPU
		{ED307E38-8019-4527-92EF-6E3673413A06}.Release|Any CPU.ActiveCfg = Release|Any CPU
		{ED307E38-8019-4527-92EF-6E3673413A06}.Release|Any CPU.Build.0 = Release|Any CPU
		{ED307E38-8019-4527-92EF-6E3673413A06}.Release|Any CPU.Deploy.0 = Release|Any CPU
		{ED307E38-8019-4527-92EF-6E3673413A06}.Release|iPhone.ActiveCfg = Release|Any CPU
		{ED307E38-8019-4527-92EF-6E3673413A06}.Release|iPhone.Build.0 = Release|Any CPU
		{ED307E38-8019-4527-92EF-6E3673413A06}.Release|iPhone.Deploy.0 = Release|Any CPU
		{ED307E38-8019-4527-92EF-6E3673413A06}.Release|iPhoneSimulator.ActiveCfg = Release|Any CPU
		{ED307E38-8019-4527-92EF-6E3673413A06}.Release|iPhoneSimulator.Build.0 = Release|Any CPU
		{ED307E38-8019-4527-92EF-6E3673413A06}.Release|iPhoneSimulator.Deploy.0 = Release|Any CPU
		{263D317D-D6CB-4230-97AD-CF09C14D2C76}.Debug|Any CPU.ActiveCfg = Debug|iPhone
		{263D317D-D6CB-4230-97AD-CF09C14D2C76}.Debug|Any CPU.Build.0 = Debug|iPhone
		{263D317D-D6CB-4230-97AD-CF09C14D2C76}.Debug|Any CPU.Deploy.0 = Debug|iPhone
		{263D317D-D6CB-4230-97AD-CF09C14D2C76}.Debug|iPhone.ActiveCfg = Debug|iPhone
		{263D317D-D6CB-4230-97AD-CF09C14D2C76}.Debug|iPhone.Build.0 = Debug|iPhone
		{263D317D-D6CB-4230-97AD-CF09C14D2C76}.Debug|iPhone.Deploy.0 = Debug|iPhone
		{263D317D-D6CB-4230-97AD-CF09C14D2C76}.Debug|iPhoneSimulator.ActiveCfg = Debug|iPhoneSimulator
		{263D317D-D6CB-4230-97AD-CF09C14D2C76}.Debug|iPhoneSimulator.Build.0 = Debug|iPhoneSimulator
		{263D317D-D6CB-4230-97AD-CF09C14D2C76}.Debug|iPhoneSimulator.Deploy.0 = Debug|iPhoneSimulator
		{263D317D-D6CB-4230-97AD-CF09C14D2C76}.Release|Any CPU.ActiveCfg = Release|iPhoneSimulator
		{263D317D-D6CB-4230-97AD-CF09C14D2C76}.Release|Any CPU.Build.0 = Release|iPhoneSimulator
		{263D317D-D6CB-4230-97AD-CF09C14D2C76}.Release|Any CPU.Deploy.0 = Release|iPhoneSimulator
		{263D317D-D6CB-4230-97AD-CF09C14D2C76}.Release|iPhone.ActiveCfg = Release|iPhone
		{263D317D-D6CB-4230-97AD-CF09C14D2C76}.Release|iPhone.Build.0 = Release|iPhone
		{263D317D-D6CB-4230-97AD-CF09C14D2C76}.Release|iPhone.Deploy.0 = Release|iPhone
		{263D317D-D6CB-4230-97AD-CF09C14D2C76}.Release|iPhoneSimulator.ActiveCfg = Release|iPhoneSimulator
		{263D317D-D6CB-4230-97AD-CF09C14D2C76}.Release|iPhoneSimulator.Build.0 = Release|iPhoneSimulator
		{263D317D-D6CB-4230-97AD-CF09C14D2C76}.Release|iPhoneSimulator.Deploy.0 = Release|iPhoneSimulator
		{A6061061-AD6D-490E-98CB-F069245DDBF3}.Debug|Any CPU.ActiveCfg = Debug|Any CPU
		{A6061061-AD6D-490E-98CB-F069245DDBF3}.Debug|Any CPU.Build.0 = Debug|Any CPU
		{A6061061-AD6D-490E-98CB-F069245DDBF3}.Debug|Any CPU.Deploy.0 = Debug|Any CPU
		{A6061061-AD6D-490E-98CB-F069245DDBF3}.Debug|iPhone.ActiveCfg = Debug|Any CPU
		{A6061061-AD6D-490E-98CB-F069245DDBF3}.Debug|iPhone.Build.0 = Debug|Any CPU
		{A6061061-AD6D-490E-98CB-F069245DDBF3}.Debug|iPhone.Deploy.0 = Debug|Any CPU
		{A6061061-AD6D-490E-98CB-F069245DDBF3}.Debug|iPhoneSimulator.ActiveCfg = Debug|Any CPU
		{A6061061-AD6D-490E-98CB-F069245DDBF3}.Debug|iPhoneSimulator.Build.0 = Debug|Any CPU
		{A6061061-AD6D-490E-98CB-F069245DDBF3}.Debug|iPhoneSimulator.Deploy.0 = Debug|Any CPU
		{A6061061-AD6D-490E-98CB-F069245DDBF3}.Release|Any CPU.ActiveCfg = Release|Any CPU
		{A6061061-AD6D-490E-98CB-F069245DDBF3}.Release|Any CPU.Build.0 = Release|Any CPU
		{A6061061-AD6D-490E-98CB-F069245DDBF3}.Release|Any CPU.Deploy.0 = Release|Any CPU
		{A6061061-AD6D-490E-98CB-F069245DDBF3}.Release|iPhone.ActiveCfg = Release|Any CPU
		{A6061061-AD6D-490E-98CB-F069245DDBF3}.Release|iPhone.Build.0 = Release|Any CPU
		{A6061061-AD6D-490E-98CB-F069245DDBF3}.Release|iPhone.Deploy.0 = Release|Any CPU
		{A6061061-AD6D-490E-98CB-F069245DDBF3}.Release|iPhoneSimulator.ActiveCfg = Release|Any CPU
		{A6061061-AD6D-490E-98CB-F069245DDBF3}.Release|iPhoneSimulator.Build.0 = Release|Any CPU
		{A6061061-AD6D-490E-98CB-F069245DDBF3}.Release|iPhoneSimulator.Deploy.0 = Release|Any CPU
	EndGlobalSection
	GlobalSection(SolutionProperties) = preSolution
		HideSolutionNode = FALSE
	EndGlobalSection
	GlobalSection(ExtensibilityGlobals) = postSolution
		SolutionGuid = {F41F6B28-864A-424F-88BC-1294CDFBDD9D}
	EndGlobalSection
EndGlobal
